
Microsoft Visual Studio Solution File, Format Version 12.00
# Visual Studio Version 17
VisualStudioVersion = 17.9.34616.47
MinimumVisualStudioVersion = 10.0.40219.1
Project("{FAE04EC0-301F-11D3-BF4B-00C04F79EFBC}") = "apteka", "apteka\apteka.csproj", "{C6D67FFB-099C-426A-B5F6-7A567C89529C}"
EndProject
Global
	GlobalSection(SolutionConfigurationPlatforms) = preSolution
		Debug|Any CPU = Debug|Any CPU
		Release|Any CPU = Release|Any CPU
	EndGlobalSection
	GlobalSection(ProjectConfigurationPlatforms) = postSolution
		{C6D67FFB-099C-426A-B5F6-7A567C89529C}.Debug|Any CPU.ActiveCfg = Debug|Any CPU
		{C6D67FFB-099C-426A-B5F6-7A567C89529C}.Debug|Any CPU.Build.0 = Debug|Any CPU
		{C6D67FFB-099C-426A-B5F6-7A567C89529C}.Release|Any CPU.ActiveCfg = Release|Any CPU
		{C6D67FFB-099C-426A-B5F6-7A567C89529C}.Release|Any CPU.Build.0 = Release|Any CPU
	EndGlobalSection
	GlobalSection(SolutionProperties) = preSolution
		HideSolutionNode = FALSE
	EndGlobalSection
	GlobalSection(ExtensibilityGlobals) = postSolution
		SolutionGuid = {8EC43CDF-CB44-40E6-934D-AEAE3DB898E1}
	EndGlobalSection
EndGlobal
