
Microsoft Visual Studio Solution File, Format Version 12.00
# Visual Studio Version 17
VisualStudioVersion = 17.9.34616.47
MinimumVisualStudioVersion = 10.0.40219.1
Project("{FAE04EC0-301F-11D3-BF4B-00C04F79EFBC}") = "TicTacToeApp", "TicTacToeApp\TicTacToeApp.csproj", "{9427236E-622A-4925-A72D-BCBF5FE5ADB1}"
EndProject
Global
	GlobalSection(SolutionConfigurationPlatforms) = preSolution
		Debug|Any CPU = Debug|Any CPU
		Release|Any CPU = Release|Any CPU
	EndGlobalSection
	GlobalSection(ProjectConfigurationPlatforms) = postSolution
		{9427236E-622A-4925-A72D-BCBF5FE5ADB1}.Debug|Any CPU.ActiveCfg = Debug|Any CPU
		{9427236E-622A-4925-A72D-BCBF5FE5ADB1}.Debug|Any CPU.Build.0 = Debug|Any CPU
		{9427236E-622A-4925-A72D-BCBF5FE5ADB1}.Release|Any CPU.ActiveCfg = Release|Any CPU
		{9427236E-622A-4925-A72D-BCBF5FE5ADB1}.Release|Any CPU.Build.0 = Release|Any CPU
	EndGlobalSection
	GlobalSection(SolutionProperties) = preSolution
		HideSolutionNode = FALSE
	EndGlobalSection
	GlobalSection(ExtensibilityGlobals) = postSolution
		SolutionGuid = {A1A665CC-08B1-4F7F-8625-C2BDF9C6F16C}
	EndGlobalSection
EndGlobal
