
Microsoft Visual Studio Solution File, Format Version 12.00
# Visual Studio Version 17
VisualStudioVersion = 17.11.35222.181
MinimumVisualStudioVersion = 10.0.40219.1
Project("{FAE04EC0-301F-11D3-BF4B-00C04F79EFBC}") = "MobileCubeApp.Android", "MobileCubeApp\MobileCubeApp.Android\MobileCubeApp.Android.csproj", "{FDEDFD5C-8181-4E93-931B-10ADAB36B522}"
EndProject
Project("{FAE04EC0-301F-11D3-BF4B-00C04F79EFBC}") = "MobileCubeApp", "MobileCubeApp\MobileCubeApp\MobileCubeApp.csproj", "{541B5C0C-5046-4215-8CFF-A127C9944352}"
EndProject
Global
	GlobalSection(SolutionConfigurationPlatforms) = preSolution
		Debug|Any CPU = Debug|Any CPU
		Release|Any CPU = Release|Any CPU
	EndGlobalSection
	GlobalSection(ProjectConfigurationPlatforms) = postSolution
		{FDEDFD5C-8181-4E93-931B-10ADAB36B522}.Debug|Any CPU.ActiveCfg = Debug|Any CPU
		{FDEDFD5C-8181-4E93-931B-10ADAB36B522}.Debug|Any CPU.Build.0 = Debug|Any CPU
		{FDEDFD5C-8181-4E93-931B-10ADAB36B522}.Debug|Any CPU.Deploy.0 = Debug|Any CPU
		{FDEDFD5C-8181-4E93-931B-10ADAB36B522}.Release|Any CPU.ActiveCfg = Release|Any CPU
		{FDEDFD5C-8181-4E93-931B-10ADAB36B522}.Release|Any CPU.Build.0 = Release|Any CPU
		{FDEDFD5C-8181-4E93-931B-10ADAB36B522}.Release|Any CPU.Deploy.0 = Release|Any CPU
		{541B5C0C-5046-4215-8CFF-A127C9944352}.Debug|Any CPU.ActiveCfg = Debug|Any CPU
		{541B5C0C-5046-4215-8CFF-A127C9944352}.Debug|Any CPU.Build.0 = Debug|Any CPU
		{541B5C0C-5046-4215-8CFF-A127C9944352}.Debug|Any CPU.Deploy.0 = Debug|Any CPU
		{541B5C0C-5046-4215-8CFF-A127C9944352}.Release|Any CPU.ActiveCfg = Release|Any CPU
		{541B5C0C-5046-4215-8CFF-A127C9944352}.Release|Any CPU.Build.0 = Release|Any CPU
		{541B5C0C-5046-4215-8CFF-A127C9944352}.Release|Any CPU.Deploy.0 = Release|Any CPU
	EndGlobalSection
	GlobalSection(SolutionProperties) = preSolution
		HideSolutionNode = FALSE
	EndGlobalSection
	GlobalSection(ExtensibilityGlobals) = postSolution
		SolutionGuid = {B5A48C8A-D5C6-44F6-B209-228BA411D8B0}
	EndGlobalSection
EndGlobal
