
Microsoft Visual Studio Solution File, Format Version 12.00
# Visual Studio Version 17
VisualStudioVersion = 17.9.34616.47
MinimumVisualStudioVersion = 10.0.40219.1
Project("{FAE04EC0-301F-11D3-BF4B-00C04F79EFBC}") = "GetMaxMinArrayApp", "GetMaxMinArrayApp\GetMaxMinArrayApp.csproj", "{7BBCA8FE-DF6D-48E3-945E-0F74EF18CDE3}"
EndProject
Global
	GlobalSection(SolutionConfigurationPlatforms) = preSolution
		Debug|Any CPU = Debug|Any CPU
		Release|Any CPU = Release|Any CPU
	EndGlobalSection
	GlobalSection(ProjectConfigurationPlatforms) = postSolution
		{7BBCA8FE-DF6D-48E3-945E-0F74EF18CDE3}.Debug|Any CPU.ActiveCfg = Debug|Any CPU
		{7BBCA8FE-DF6D-48E3-945E-0F74EF18CDE3}.Debug|Any CPU.Build.0 = Debug|Any CPU
		{7BBCA8FE-DF6D-48E3-945E-0F74EF18CDE3}.Release|Any CPU.ActiveCfg = Release|Any CPU
		{7BBCA8FE-DF6D-48E3-945E-0F74EF18CDE3}.Release|Any CPU.Build.0 = Release|Any CPU
	EndGlobalSection
	GlobalSection(SolutionProperties) = preSolution
		HideSolutionNode = FALSE
	EndGlobalSection
	GlobalSection(ExtensibilityGlobals) = postSolution
		SolutionGuid = {BF20184A-50B8-4756-8048-5BB3A63852E8}
	EndGlobalSection
EndGlobal
