
Microsoft Visual Studio Solution File, Format Version 12.00
# Visual Studio Version 17
VisualStudioVersion = 17.9.34616.47
MinimumVisualStudioVersion = 10.0.40219.1
Project("{FAE04EC0-301F-11D3-BF4B-00C04F79EFBC}") = "ControlsApp", "ControlsApp\ControlsApp.csproj", "{7B131118-79D6-4BC5-B158-089E3EB1D9EE}"
EndProject
Global
	GlobalSection(SolutionConfigurationPlatforms) = preSolution
		Debug|Any CPU = Debug|Any CPU
		Release|Any CPU = Release|Any CPU
	EndGlobalSection
	GlobalSection(ProjectConfigurationPlatforms) = postSolution
		{7B131118-79D6-4BC5-B158-089E3EB1D9EE}.Debug|Any CPU.ActiveCfg = Debug|Any CPU
		{7B131118-79D6-4BC5-B158-089E3EB1D9EE}.Debug|Any CPU.Build.0 = Debug|Any CPU
		{7B131118-79D6-4BC5-B158-089E3EB1D9EE}.Release|Any CPU.ActiveCfg = Release|Any CPU
		{7B131118-79D6-4BC5-B158-089E3EB1D9EE}.Release|Any CPU.Build.0 = Release|Any CPU
	EndGlobalSection
	GlobalSection(SolutionProperties) = preSolution
		HideSolutionNode = FALSE
	EndGlobalSection
	GlobalSection(ExtensibilityGlobals) = postSolution
		SolutionGuid = {9FC6B41F-2ECA-4CFC-BBE0-3FC44F5E1453}
	EndGlobalSection
EndGlobal
