
Microsoft Visual Studio Solution File, Format Version 12.00
# Visual Studio Version 17
VisualStudioVersion = 17.9.34616.47
MinimumVisualStudioVersion = 10.0.40219.1
Project("{FAE04EC0-301F-11D3-BF4B-00C04F79EFBC}") = "BabyApp", "BabyApp\BabyApp.csproj", "{654E0868-1203-417E-A403-7264481002CE}"
EndProject
Global
	GlobalSection(SolutionConfigurationPlatforms) = preSolution
		Debug|Any CPU = Debug|Any CPU
		Release|Any CPU = Release|Any CPU
	EndGlobalSection
	GlobalSection(ProjectConfigurationPlatforms) = postSolution
		{654E0868-1203-417E-A403-7264481002CE}.Debug|Any CPU.ActiveCfg = Debug|Any CPU
		{654E0868-1203-417E-A403-7264481002CE}.Debug|Any CPU.Build.0 = Debug|Any CPU
		{654E0868-1203-417E-A403-7264481002CE}.Release|Any CPU.ActiveCfg = Release|Any CPU
		{654E0868-1203-417E-A403-7264481002CE}.Release|Any CPU.Build.0 = Release|Any CPU
	EndGlobalSection
	GlobalSection(SolutionProperties) = preSolution
		HideSolutionNode = FALSE
	EndGlobalSection
	GlobalSection(ExtensibilityGlobals) = postSolution
		SolutionGuid = {300FA74B-A1EE-46CA-91EF-580B1697D415}
	EndGlobalSection
EndGlobal
