
Microsoft Visual Studio Solution File, Format Version 12.00
# Visual Studio Version 17
VisualStudioVersion = 17.9.34616.47
MinimumVisualStudioVersion = 10.0.40219.1
Project("{FAE04EC0-301F-11D3-BF4B-00C04F79EFBC}") = "RectangleApp", "RectangleApp\RectangleApp.csproj", "{A52455A7-5688-4478-83FD-733A7E64AF9C}"
EndProject
Global
	GlobalSection(SolutionConfigurationPlatforms) = preSolution
		Debug|Any CPU = Debug|Any CPU
		Release|Any CPU = Release|Any CPU
	EndGlobalSection
	GlobalSection(ProjectConfigurationPlatforms) = postSolution
		{A52455A7-5688-4478-83FD-733A7E64AF9C}.Debug|Any CPU.ActiveCfg = Debug|Any CPU
		{A52455A7-5688-4478-83FD-733A7E64AF9C}.Debug|Any CPU.Build.0 = Debug|Any CPU
		{A52455A7-5688-4478-83FD-733A7E64AF9C}.Release|Any CPU.ActiveCfg = Release|Any CPU
		{A52455A7-5688-4478-83FD-733A7E64AF9C}.Release|Any CPU.Build.0 = Release|Any CPU
	EndGlobalSection
	GlobalSection(SolutionProperties) = preSolution
		HideSolutionNode = FALSE
	EndGlobalSection
	GlobalSection(ExtensibilityGlobals) = postSolution
		SolutionGuid = {8503B3A4-9E52-4BF6-9025-215E51AF82B1}
	EndGlobalSection
EndGlobal
