
Microsoft Visual Studio Solution File, Format Version 12.00
# Visual Studio Version 17
VisualStudioVersion = 17.9.34616.47
MinimumVisualStudioVersion = 10.0.40219.1
Project("{FAE04EC0-301F-11D3-BF4B-00C04F79EFBC}") = "FindElementApp", "FindElementApp\FindElementApp.csproj", "{A46524D6-1062-4884-AD9B-B67CEEC290AA}"
EndProject
Global
	GlobalSection(SolutionConfigurationPlatforms) = preSolution
		Debug|Any CPU = Debug|Any CPU
		Release|Any CPU = Release|Any CPU
	EndGlobalSection
	GlobalSection(ProjectConfigurationPlatforms) = postSolution
		{A46524D6-1062-4884-AD9B-B67CEEC290AA}.Debug|Any CPU.ActiveCfg = Debug|Any CPU
		{A46524D6-1062-4884-AD9B-B67CEEC290AA}.Debug|Any CPU.Build.0 = Debug|Any CPU
		{A46524D6-1062-4884-AD9B-B67CEEC290AA}.Release|Any CPU.ActiveCfg = Release|Any CPU
		{A46524D6-1062-4884-AD9B-B67CEEC290AA}.Release|Any CPU.Build.0 = Release|Any CPU
	EndGlobalSection
	GlobalSection(SolutionProperties) = preSolution
		HideSolutionNode = FALSE
	EndGlobalSection
	GlobalSection(ExtensibilityGlobals) = postSolution
		SolutionGuid = {3AEA4F3F-37D9-4721-9F4D-CA8225AD8C67}
	EndGlobalSection
EndGlobal
