
Microsoft Visual Studio Solution File, Format Version 12.00
# Visual Studio Version 17
VisualStudioVersion = 17.11.35222.181
MinimumVisualStudioVersion = 10.0.40219.1
Project("{FAE04EC0-301F-11D3-BF4B-00C04F79EFBC}") = "ExamApp", "ExamApp\ExamApp.csproj", "{528E08C2-D13C-4077-ACA8-221B06D43E70}"
EndProject
Global
	GlobalSection(SolutionConfigurationPlatforms) = preSolution
		Debug|Any CPU = Debug|Any CPU
		Release|Any CPU = Release|Any CPU
	EndGlobalSection
	GlobalSection(ProjectConfigurationPlatforms) = postSolution
		{528E08C2-D13C-4077-ACA8-221B06D43E70}.Debug|Any CPU.ActiveCfg = Debug|Any CPU
		{528E08C2-D13C-4077-ACA8-221B06D43E70}.Debug|Any CPU.Build.0 = Debug|Any CPU
		{528E08C2-D13C-4077-ACA8-221B06D43E70}.Release|Any CPU.ActiveCfg = Release|Any CPU
		{528E08C2-D13C-4077-ACA8-221B06D43E70}.Release|Any CPU.Build.0 = Release|Any CPU
	EndGlobalSection
	GlobalSection(SolutionProperties) = preSolution
		HideSolutionNode = FALSE
	EndGlobalSection
	GlobalSection(ExtensibilityGlobals) = postSolution
		SolutionGuid = {6000AB62-07D5-4937-8F74-81BE34C12E15}
	EndGlobalSection
EndGlobal
