
Microsoft Visual Studio Solution File, Format Version 12.00
# Visual Studio Version 17
VisualStudioVersion = 17.9.34616.47
MinimumVisualStudioVersion = 10.0.40219.1
Project("{FAE04EC0-301F-11D3-BF4B-00C04F79EFBC}") = "Sideeye", "Sideeye\Sideeye.csproj", "{A830620D-BB44-4DB6-A316-7E0940D7278E}"
EndProject
Global
	GlobalSection(SolutionConfigurationPlatforms) = preSolution
		Debug|Any CPU = Debug|Any CPU
		Release|Any CPU = Release|Any CPU
	EndGlobalSection
	GlobalSection(ProjectConfigurationPlatforms) = postSolution
		{A830620D-BB44-4DB6-A316-7E0940D7278E}.Debug|Any CPU.ActiveCfg = Debug|Any CPU
		{A830620D-BB44-4DB6-A316-7E0940D7278E}.Debug|Any CPU.Build.0 = Debug|Any CPU
		{A830620D-BB44-4DB6-A316-7E0940D7278E}.Release|Any CPU.ActiveCfg = Release|Any CPU
		{A830620D-BB44-4DB6-A316-7E0940D7278E}.Release|Any CPU.Build.0 = Release|Any CPU
	EndGlobalSection
	GlobalSection(SolutionProperties) = preSolution
		HideSolutionNode = FALSE
	EndGlobalSection
	GlobalSection(ExtensibilityGlobals) = postSolution
		SolutionGuid = {A9808AEF-CA5B-4230-8E24-401A1719454F}
	EndGlobalSection
EndGlobal
