
Microsoft Visual Studio Solution File, Format Version 12.00
# Visual Studio Version 17
VisualStudioVersion = 17.9.34616.47
MinimumVisualStudioVersion = 10.0.40219.1
Project("{FAE04EC0-301F-11D3-BF4B-00C04F79EFBC}") = "SliderTextboxApp", "SliderTextboxApp\SliderTextboxApp.csproj", "{31A24A03-0BD9-4269-BFFC-C5320B2B255C}"
EndProject
Global
	GlobalSection(SolutionConfigurationPlatforms) = preSolution
		Debug|Any CPU = Debug|Any CPU
		Release|Any CPU = Release|Any CPU
	EndGlobalSection
	GlobalSection(ProjectConfigurationPlatforms) = postSolution
		{31A24A03-0BD9-4269-BFFC-C5320B2B255C}.Debug|Any CPU.ActiveCfg = Debug|Any CPU
		{31A24A03-0BD9-4269-BFFC-C5320B2B255C}.Debug|Any CPU.Build.0 = Debug|Any CPU
		{31A24A03-0BD9-4269-BFFC-C5320B2B255C}.Release|Any CPU.ActiveCfg = Release|Any CPU
		{31A24A03-0BD9-4269-BFFC-C5320B2B255C}.Release|Any CPU.Build.0 = Release|Any CPU
	EndGlobalSection
	GlobalSection(SolutionProperties) = preSolution
		HideSolutionNode = FALSE
	EndGlobalSection
	GlobalSection(ExtensibilityGlobals) = postSolution
		SolutionGuid = {01D6D69B-A6D6-4FAD-A2AB-08A565B0E1C1}
	EndGlobalSection
EndGlobal
