
Microsoft Visual Studio Solution File, Format Version 12.00
# Visual Studio Version 17
VisualStudioVersion = 17.11.35222.181
MinimumVisualStudioVersion = 10.0.40219.1
Project("{FAE04EC0-301F-11D3-BF4B-00C04F79EFBC}") = "Szop.Android", "Szop\Szop.Android\Szop.Android.csproj", "{5BAD81D4-87AB-4BA0-876C-1CCDD0F2F6C3}"
EndProject
Project("{FAE04EC0-301F-11D3-BF4B-00C04F79EFBC}") = "Szop", "Szop\Szop\Szop.csproj", "{22FCB6D5-B97D-458E-AEDF-E7251359434E}"
EndProject
Global
	GlobalSection(SolutionConfigurationPlatforms) = preSolution
		Debug|Any CPU = Debug|Any CPU
		Release|Any CPU = Release|Any CPU
	EndGlobalSection
	GlobalSection(ProjectConfigurationPlatforms) = postSolution
		{5BAD81D4-87AB-4BA0-876C-1CCDD0F2F6C3}.Debug|Any CPU.ActiveCfg = Debug|Any CPU
		{5BAD81D4-87AB-4BA0-876C-1CCDD0F2F6C3}.Debug|Any CPU.Build.0 = Debug|Any CPU
		{5BAD81D4-87AB-4BA0-876C-1CCDD0F2F6C3}.Debug|Any CPU.Deploy.0 = Debug|Any CPU
		{5BAD81D4-87AB-4BA0-876C-1CCDD0F2F6C3}.Release|Any CPU.ActiveCfg = Release|Any CPU
		{5BAD81D4-87AB-4BA0-876C-1CCDD0F2F6C3}.Release|Any CPU.Build.0 = Release|Any CPU
		{5BAD81D4-87AB-4BA0-876C-1CCDD0F2F6C3}.Release|Any CPU.Deploy.0 = Release|Any CPU
		{22FCB6D5-B97D-458E-AEDF-E7251359434E}.Debug|Any CPU.ActiveCfg = Debug|Any CPU
		{22FCB6D5-B97D-458E-AEDF-E7251359434E}.Debug|Any CPU.Build.0 = Debug|Any CPU
		{22FCB6D5-B97D-458E-AEDF-E7251359434E}.Debug|Any CPU.Deploy.0 = Debug|Any CPU
		{22FCB6D5-B97D-458E-AEDF-E7251359434E}.Release|Any CPU.ActiveCfg = Release|Any CPU
		{22FCB6D5-B97D-458E-AEDF-E7251359434E}.Release|Any CPU.Build.0 = Release|Any CPU
		{22FCB6D5-B97D-458E-AEDF-E7251359434E}.Release|Any CPU.Deploy.0 = Release|Any CPU
	EndGlobalSection
	GlobalSection(SolutionProperties) = preSolution
		HideSolutionNode = FALSE
	EndGlobalSection
	GlobalSection(ExtensibilityGlobals) = postSolution
		SolutionGuid = {1B056B5F-FA2C-4BE6-B8C2-C5C3FED829CA}
	EndGlobalSection
EndGlobal
