
Microsoft Visual Studio Solution File, Format Version 12.00
# Visual Studio Version 17
VisualStudioVersion = 17.9.34616.47
MinimumVisualStudioVersion = 10.0.40219.1
Project("{FAE04EC0-301F-11D3-BF4B-00C04F79EFBC}") = "RoomsInheritedApp", "RoomsInheritedApp\RoomsInheritedApp.csproj", "{1DDBAE56-2419-4F12-B201-BAA552B1A223}"
EndProject
Global
	GlobalSection(SolutionConfigurationPlatforms) = preSolution
		Debug|Any CPU = Debug|Any CPU
		Release|Any CPU = Release|Any CPU
	EndGlobalSection
	GlobalSection(ProjectConfigurationPlatforms) = postSolution
		{1DDBAE56-2419-4F12-B201-BAA552B1A223}.Debug|Any CPU.ActiveCfg = Debug|Any CPU
		{1DDBAE56-2419-4F12-B201-BAA552B1A223}.Debug|Any CPU.Build.0 = Debug|Any CPU
		{1DDBAE56-2419-4F12-B201-BAA552B1A223}.Release|Any CPU.ActiveCfg = Release|Any CPU
		{1DDBAE56-2419-4F12-B201-BAA552B1A223}.Release|Any CPU.Build.0 = Release|Any CPU
	EndGlobalSection
	GlobalSection(SolutionProperties) = preSolution
		HideSolutionNode = FALSE
	EndGlobalSection
	GlobalSection(ExtensibilityGlobals) = postSolution
		SolutionGuid = {937BE4BA-978F-4E75-99FC-161369738702}
	EndGlobalSection
EndGlobal
