
Microsoft Visual Studio Solution File, Format Version 12.00
# Visual Studio Version 17
VisualStudioVersion = 17.9.34616.47
MinimumVisualStudioVersion = 10.0.40219.1
Project("{FAE04EC0-301F-11D3-BF4B-00C04F79EFBC}") = "Arrays", "Arrays\Arrays.csproj", "{705A6D4B-E7E7-4818-83AC-4D99BF8B2ADA}"
EndProject
Global
	GlobalSection(SolutionConfigurationPlatforms) = preSolution
		Debug|Any CPU = Debug|Any CPU
		Release|Any CPU = Release|Any CPU
	EndGlobalSection
	GlobalSection(ProjectConfigurationPlatforms) = postSolution
		{705A6D4B-E7E7-4818-83AC-4D99BF8B2ADA}.Debug|Any CPU.ActiveCfg = Debug|Any CPU
		{705A6D4B-E7E7-4818-83AC-4D99BF8B2ADA}.Debug|Any CPU.Build.0 = Debug|Any CPU
		{705A6D4B-E7E7-4818-83AC-4D99BF8B2ADA}.Release|Any CPU.ActiveCfg = Release|Any CPU
		{705A6D4B-E7E7-4818-83AC-4D99BF8B2ADA}.Release|Any CPU.Build.0 = Release|Any CPU
	EndGlobalSection
	GlobalSection(SolutionProperties) = preSolution
		HideSolutionNode = FALSE
	EndGlobalSection
	GlobalSection(ExtensibilityGlobals) = postSolution
		SolutionGuid = {B4AEDC66-B6EC-4987-B377-07ADC89FF2C1}
	EndGlobalSection
EndGlobal
