
Microsoft Visual Studio Solution File, Format Version 12.00
# Visual Studio Version 17
VisualStudioVersion = 17.9.34616.47
MinimumVisualStudioVersion = 10.0.40219.1
Project("{FAE04EC0-301F-11D3-BF4B-00C04F79EFBC}") = "PaternApp", "PaternApp\PaternApp.csproj", "{395E197B-5995-44D2-82E4-626E90F42FBE}"
EndProject
Global
	GlobalSection(SolutionConfigurationPlatforms) = preSolution
		Debug|Any CPU = Debug|Any CPU
		Release|Any CPU = Release|Any CPU
	EndGlobalSection
	GlobalSection(ProjectConfigurationPlatforms) = postSolution
		{395E197B-5995-44D2-82E4-626E90F42FBE}.Debug|Any CPU.ActiveCfg = Debug|Any CPU
		{395E197B-5995-44D2-82E4-626E90F42FBE}.Debug|Any CPU.Build.0 = Debug|Any CPU
		{395E197B-5995-44D2-82E4-626E90F42FBE}.Release|Any CPU.ActiveCfg = Release|Any CPU
		{395E197B-5995-44D2-82E4-626E90F42FBE}.Release|Any CPU.Build.0 = Release|Any CPU
	EndGlobalSection
	GlobalSection(SolutionProperties) = preSolution
		HideSolutionNode = FALSE
	EndGlobalSection
	GlobalSection(ExtensibilityGlobals) = postSolution
		SolutionGuid = {428A1D88-2B13-4AB0-8BB0-08BB548D865B}
	EndGlobalSection
EndGlobal
