
Microsoft Visual Studio Solution File, Format Version 12.00
# Visual Studio Version 17
VisualStudioVersion = 17.11.35222.181
MinimumVisualStudioVersion = 10.0.40219.1
Project("{FAE04EC0-301F-11D3-BF4B-00C04F79EFBC}") = "zofia.Android", "zofia\zofia.Android\zofia.Android.csproj", "{684C6F19-E93E-4FCE-A611-5B0B2AA8D6BD}"
EndProject
Project("{FAE04EC0-301F-11D3-BF4B-00C04F79EFBC}") = "zofia", "zofia\zofia\zofia.csproj", "{0D1CB46D-21A9-4240-AB08-BF3CB956B348}"
EndProject
Global
	GlobalSection(SolutionConfigurationPlatforms) = preSolution
		Debug|Any CPU = Debug|Any CPU
		Release|Any CPU = Release|Any CPU
	EndGlobalSection
	GlobalSection(ProjectConfigurationPlatforms) = postSolution
		{684C6F19-E93E-4FCE-A611-5B0B2AA8D6BD}.Debug|Any CPU.ActiveCfg = Debug|Any CPU
		{684C6F19-E93E-4FCE-A611-5B0B2AA8D6BD}.Debug|Any CPU.Build.0 = Debug|Any CPU
		{684C6F19-E93E-4FCE-A611-5B0B2AA8D6BD}.Debug|Any CPU.Deploy.0 = Debug|Any CPU
		{684C6F19-E93E-4FCE-A611-5B0B2AA8D6BD}.Release|Any CPU.ActiveCfg = Release|Any CPU
		{684C6F19-E93E-4FCE-A611-5B0B2AA8D6BD}.Release|Any CPU.Build.0 = Release|Any CPU
		{684C6F19-E93E-4FCE-A611-5B0B2AA8D6BD}.Release|Any CPU.Deploy.0 = Release|Any CPU
		{0D1CB46D-21A9-4240-AB08-BF3CB956B348}.Debug|Any CPU.ActiveCfg = Debug|Any CPU
		{0D1CB46D-21A9-4240-AB08-BF3CB956B348}.Debug|Any CPU.Build.0 = Debug|Any CPU
		{0D1CB46D-21A9-4240-AB08-BF3CB956B348}.Debug|Any CPU.Deploy.0 = Debug|Any CPU
		{0D1CB46D-21A9-4240-AB08-BF3CB956B348}.Release|Any CPU.ActiveCfg = Release|Any CPU
		{0D1CB46D-21A9-4240-AB08-BF3CB956B348}.Release|Any CPU.Build.0 = Release|Any CPU
		{0D1CB46D-21A9-4240-AB08-BF3CB956B348}.Release|Any CPU.Deploy.0 = Release|Any CPU
	EndGlobalSection
	GlobalSection(SolutionProperties) = preSolution
		HideSolutionNode = FALSE
	EndGlobalSection
	GlobalSection(ExtensibilityGlobals) = postSolution
		SolutionGuid = {69C02709-93C1-4F04-8896-9979F52A3606}
	EndGlobalSection
EndGlobal
