
Microsoft Visual Studio Solution File, Format Version 12.00
# Visual Studio Version 17
VisualStudioVersion = 17.9.34616.47
MinimumVisualStudioVersion = 10.0.40219.1
Project("{FAE04EC0-301F-11D3-BF4B-00C04F79EFBC}") = "ButtonMessageApp", "ButtonMessageApp\ButtonMessageApp.csproj", "{79E4D7ED-CFD2-47D5-926B-A15D1A77F763}"
EndProject
Global
	GlobalSection(SolutionConfigurationPlatforms) = preSolution
		Debug|Any CPU = Debug|Any CPU
		Release|Any CPU = Release|Any CPU
	EndGlobalSection
	GlobalSection(ProjectConfigurationPlatforms) = postSolution
		{79E4D7ED-CFD2-47D5-926B-A15D1A77F763}.Debug|Any CPU.ActiveCfg = Debug|Any CPU
		{79E4D7ED-CFD2-47D5-926B-A15D1A77F763}.Debug|Any CPU.Build.0 = Debug|Any CPU
		{79E4D7ED-CFD2-47D5-926B-A15D1A77F763}.Release|Any CPU.ActiveCfg = Release|Any CPU
		{79E4D7ED-CFD2-47D5-926B-A15D1A77F763}.Release|Any CPU.Build.0 = Release|Any CPU
	EndGlobalSection
	GlobalSection(SolutionProperties) = preSolution
		HideSolutionNode = FALSE
	EndGlobalSection
	GlobalSection(ExtensibilityGlobals) = postSolution
		SolutionGuid = {A1671640-41E8-41DF-B46A-D97AE8387863}
	EndGlobalSection
EndGlobal
