
Microsoft Visual Studio Solution File, Format Version 12.00
# Visual Studio Version 17
VisualStudioVersion = 17.9.34616.47
MinimumVisualStudioVersion = 10.0.40219.1
Project("{FAE04EC0-301F-11D3-BF4B-00C04F79EFBC}") = "TBoxTBlockApp", "TBoxTBlockApp\TBoxTBlockApp.csproj", "{7453DE95-E727-4777-B1F6-CB6EDC45F037}"
EndProject
Global
	GlobalSection(SolutionConfigurationPlatforms) = preSolution
		Debug|Any CPU = Debug|Any CPU
		Release|Any CPU = Release|Any CPU
	EndGlobalSection
	GlobalSection(ProjectConfigurationPlatforms) = postSolution
		{7453DE95-E727-4777-B1F6-CB6EDC45F037}.Debug|Any CPU.ActiveCfg = Debug|Any CPU
		{7453DE95-E727-4777-B1F6-CB6EDC45F037}.Debug|Any CPU.Build.0 = Debug|Any CPU
		{7453DE95-E727-4777-B1F6-CB6EDC45F037}.Release|Any CPU.ActiveCfg = Release|Any CPU
		{7453DE95-E727-4777-B1F6-CB6EDC45F037}.Release|Any CPU.Build.0 = Release|Any CPU
	EndGlobalSection
	GlobalSection(SolutionProperties) = preSolution
		HideSolutionNode = FALSE
	EndGlobalSection
	GlobalSection(ExtensibilityGlobals) = postSolution
		SolutionGuid = {8B7A9F02-6DD7-4F45-8468-0C6D300C90A9}
	EndGlobalSection
EndGlobal
