
Microsoft Visual Studio Solution File, Format Version 12.00
# Visual Studio Version 17
VisualStudioVersion = 17.11.35222.181
MinimumVisualStudioVersion = 10.0.40219.1
Project("{FAE04EC0-301F-11D3-BF4B-00C04F79EFBC}") = "ExamApp", "ExamApp\ExamApp.csproj", "{747E6E54-8D9C-4AAA-98FD-C9850D214A65}"
EndProject
Global
	GlobalSection(SolutionConfigurationPlatforms) = preSolution
		Debug|Any CPU = Debug|Any CPU
		Release|Any CPU = Release|Any CPU
	EndGlobalSection
	GlobalSection(ProjectConfigurationPlatforms) = postSolution
		{747E6E54-8D9C-4AAA-98FD-C9850D214A65}.Debug|Any CPU.ActiveCfg = Debug|Any CPU
		{747E6E54-8D9C-4AAA-98FD-C9850D214A65}.Debug|Any CPU.Build.0 = Debug|Any CPU
		{747E6E54-8D9C-4AAA-98FD-C9850D214A65}.Release|Any CPU.ActiveCfg = Release|Any CPU
		{747E6E54-8D9C-4AAA-98FD-C9850D214A65}.Release|Any CPU.Build.0 = Release|Any CPU
	EndGlobalSection
	GlobalSection(SolutionProperties) = preSolution
		HideSolutionNode = FALSE
	EndGlobalSection
	GlobalSection(ExtensibilityGlobals) = postSolution
		SolutionGuid = {1A5057FA-8CAD-45B4-B83F-6070DE5C40BC}
	EndGlobalSection
EndGlobal
