
Microsoft Visual Studio Solution File, Format Version 12.00
# Visual Studio Version 17
VisualStudioVersion = 17.9.34616.47
MinimumVisualStudioVersion = 10.0.40219.1
Project("{FAE04EC0-301F-11D3-BF4B-00C04F79EFBC}") = "ClassRoomApp", "ClassRoomApp\ClassRoomApp.csproj", "{A0533AAC-A0C0-460F-B1EB-B4632644C1CF}"
EndProject
Global
	GlobalSection(SolutionConfigurationPlatforms) = preSolution
		Debug|Any CPU = Debug|Any CPU
		Release|Any CPU = Release|Any CPU
	EndGlobalSection
	GlobalSection(ProjectConfigurationPlatforms) = postSolution
		{A0533AAC-A0C0-460F-B1EB-B4632644C1CF}.Debug|Any CPU.ActiveCfg = Debug|Any CPU
		{A0533AAC-A0C0-460F-B1EB-B4632644C1CF}.Debug|Any CPU.Build.0 = Debug|Any CPU
		{A0533AAC-A0C0-460F-B1EB-B4632644C1CF}.Release|Any CPU.ActiveCfg = Release|Any CPU
		{A0533AAC-A0C0-460F-B1EB-B4632644C1CF}.Release|Any CPU.Build.0 = Release|Any CPU
	EndGlobalSection
	GlobalSection(SolutionProperties) = preSolution
		HideSolutionNode = FALSE
	EndGlobalSection
	GlobalSection(ExtensibilityGlobals) = postSolution
		SolutionGuid = {4370B23F-4038-4E6F-B7ED-10BB2D16E49B}
	EndGlobalSection
EndGlobal
