
Microsoft Visual Studio Solution File, Format Version 12.00
# Visual Studio Version 17
VisualStudioVersion = 17.11.35222.181
MinimumVisualStudioVersion = 10.0.40219.1
Project("{FAE04EC0-301F-11D3-BF4B-00C04F79EFBC}") = "ExamConsoleApp", "ExamConsoleApp\ExamConsoleApp.csproj", "{D50C876B-4351-4FE6-BCC0-0AF92345EF09}"
EndProject
Global
	GlobalSection(SolutionConfigurationPlatforms) = preSolution
		Debug|Any CPU = Debug|Any CPU
		Release|Any CPU = Release|Any CPU
	EndGlobalSection
	GlobalSection(ProjectConfigurationPlatforms) = postSolution
		{D50C876B-4351-4FE6-BCC0-0AF92345EF09}.Debug|Any CPU.ActiveCfg = Debug|Any CPU
		{D50C876B-4351-4FE6-BCC0-0AF92345EF09}.Debug|Any CPU.Build.0 = Debug|Any CPU
		{D50C876B-4351-4FE6-BCC0-0AF92345EF09}.Release|Any CPU.ActiveCfg = Release|Any CPU
		{D50C876B-4351-4FE6-BCC0-0AF92345EF09}.Release|Any CPU.Build.0 = Release|Any CPU
	EndGlobalSection
	GlobalSection(SolutionProperties) = preSolution
		HideSolutionNode = FALSE
	EndGlobalSection
	GlobalSection(ExtensibilityGlobals) = postSolution
		SolutionGuid = {1AFF7BDB-F1EA-4D46-8B90-B4F8F93C0122}
	EndGlobalSection
EndGlobal
