
Microsoft Visual Studio Solution File, Format Version 12.00
# Visual Studio Version 17
VisualStudioVersion = 17.9.34616.47
MinimumVisualStudioVersion = 10.0.40219.1
Project("{FAE04EC0-301F-11D3-BF4B-00C04F79EFBC}") = "estrogen", "estrogen\estrogen.csproj", "{8FBC3344-B2E3-49E8-83A6-208ABBA88350}"
EndProject
Global
	GlobalSection(SolutionConfigurationPlatforms) = preSolution
		Debug|Any CPU = Debug|Any CPU
		Release|Any CPU = Release|Any CPU
	EndGlobalSection
	GlobalSection(ProjectConfigurationPlatforms) = postSolution
		{8FBC3344-B2E3-49E8-83A6-208ABBA88350}.Debug|Any CPU.ActiveCfg = Debug|Any CPU
		{8FBC3344-B2E3-49E8-83A6-208ABBA88350}.Debug|Any CPU.Build.0 = Debug|Any CPU
		{8FBC3344-B2E3-49E8-83A6-208ABBA88350}.Release|Any CPU.ActiveCfg = Release|Any CPU
		{8FBC3344-B2E3-49E8-83A6-208ABBA88350}.Release|Any CPU.Build.0 = Release|Any CPU
	EndGlobalSection
	GlobalSection(SolutionProperties) = preSolution
		HideSolutionNode = FALSE
	EndGlobalSection
	GlobalSection(ExtensibilityGlobals) = postSolution
		SolutionGuid = {E39189EC-621A-4AE5-B82F-6FFC44BE2A24}
	EndGlobalSection
EndGlobal
