
Microsoft Visual Studio Solution File, Format Version 12.00
# Visual Studio Version 17
VisualStudioVersion = 17.11.35222.181
MinimumVisualStudioVersion = 10.0.40219.1
Project("{FAE04EC0-301F-11D3-BF4B-00C04F79EFBC}") = "CubeApp", "CubeApp\CubeApp.csproj", "{727AAF1D-44B7-4E35-8D33-D8138D645DFC}"
EndProject
Global
	GlobalSection(SolutionConfigurationPlatforms) = preSolution
		Debug|Any CPU = Debug|Any CPU
		Release|Any CPU = Release|Any CPU
	EndGlobalSection
	GlobalSection(ProjectConfigurationPlatforms) = postSolution
		{727AAF1D-44B7-4E35-8D33-D8138D645DFC}.Debug|Any CPU.ActiveCfg = Debug|Any CPU
		{727AAF1D-44B7-4E35-8D33-D8138D645DFC}.Debug|Any CPU.Build.0 = Debug|Any CPU
		{727AAF1D-44B7-4E35-8D33-D8138D645DFC}.Release|Any CPU.ActiveCfg = Release|Any CPU
		{727AAF1D-44B7-4E35-8D33-D8138D645DFC}.Release|Any CPU.Build.0 = Release|Any CPU
	EndGlobalSection
	GlobalSection(SolutionProperties) = preSolution
		HideSolutionNode = FALSE
	EndGlobalSection
	GlobalSection(ExtensibilityGlobals) = postSolution
		SolutionGuid = {EA088E6A-9F94-422B-B789-2257CFF4BA0C}
	EndGlobalSection
EndGlobal
